<Solution>
  <Project Path="../../EasyTabs/FluentChromeTabs/FluentChromeTabs.csproj" />
  <Project Path="../../UpdateCheckerLib/UpdateCheckerLib.csproj" Id="b8f3e2a1-4c5d-4e6f-8a9b-1c2d3e4f5a6b" />
  <Project Path="DocumentLocator/DocumentLocator.Client/DocumentLocator.Client.csproj" Id="e7b8c9d0-e1f2-43ab-b5c6-d7e8f9a0b1c2" />
  <Project Path="DocumentLocator/DocumentLocator.Service/DocumentLocator.Service.csproj" Id="d4e5f6a7-b8c9-40da-e2f3-a4b5c6d7e8f9" />
  <Project Path="DocumentLocator/DocumentLocator/DocumentLocator.csproj" Id="a1b2c3d4-e5f6-47a8-b9c0-d1e2f3a4b5c6" />
  <Project Path="Ftslib-Csharp/FtsLib/FtsLib.csproj" Id="76f9daa9-374f-40f9-8511-3239fb6e846e" />
  <Project Path="KitveiHakodeshDemoApp/KitveiHakodeshDemoApp.csproj" Id="2b6e5acb-2062-4281-aacb-c46681fcfe42" />
  <Project Path="KitveiHakodeshLib/KitveiHakodeshLib.csproj" Id="a1b2c3d4-e5f6-7890-abcd-ef1234567890" />
  <Project Path="KitveiHakodeshService/KitveiHakodeshService.csproj" />
  <Project Path="KitveiHakodeshService.Tests/KitveiHakodeshService.Tests.csproj" />
</Solution>
